
Microsoft Visual Studio Solution File, Format Version 12.00
# Visual Studio 15
VisualStudioVersion = 15.0.28307.489
MinimumVisualStudioVersion = 10.0.40219.1
Project("{FAE04EC0-301F-11D3-BF4B-00C04F79EFBC}") = "AppDAM10DemoRest", "AppDAM10DemoRest\AppDAM10DemoRest.csproj", "{675D2213-0984-46CA-B3F1-3D0DCC662F6E}"
EndProject
Global
	GlobalSection(SolutionConfigurationPlatforms) = preSolution
		Debug|Any CPU = Debug|Any CPU
		Release|Any CPU = Release|Any CPU
	EndGlobalSection
	GlobalSection(ProjectConfigurationPlatforms) = postSolution
		{675D2213-0984-46CA-B3F1-3D0DCC662F6E}.Debug|Any CPU.ActiveCfg = Debug|Any CPU
		{675D2213-0984-46CA-B3F1-3D0DCC662F6E}.Debug|Any CPU.Build.0 = Debug|Any CPU
		{675D2213-0984-46CA-B3F1-3D0DCC662F6E}.Release|Any CPU.ActiveCfg = Release|Any CPU
		{675D2213-0984-46CA-B3F1-3D0DCC662F6E}.Release|Any CPU.Build.0 = Release|Any CPU
	EndGlobalSection
	GlobalSection(SolutionProperties) = preSolution
		HideSolutionNode = FALSE
	EndGlobalSection
	GlobalSection(ExtensibilityGlobals) = postSolution
		SolutionGuid = {BBC3CF7E-8F02-44D2-BA1B-CE54A2BE1EF6}
	EndGlobalSection
EndGlobal
